
Microsoft Visual Studio Solution File, Format Version 12.00
# Visual Studio 15
Project("{FAE04EC0-301F-11D3-BF4B-00C04F79EFBC}") = "Assembly-CSharp-firstpass", "Assembly-CSharp-firstpass.csproj", "{13A6D262-8D8D-17A4-8D7B-50D07DEC0108}"
EndProject
Project("{FAE04EC0-301F-11D3-BF4B-00C04F79EFBC}") = "Assembly-CSharp", "Assembly-CSharp.csproj", "{8C767DBB-6A62-BA56-2BB4-80477D9DE0C0}"
EndProject
Project("{FAE04EC0-301F-11D3-BF4B-00C04F79EFBC}") = "Assembly-CSharp-Editor-firstpass", "Assembly-CSharp-Editor-firstpass.csproj", "{0095E8BF-18FB-3D52-4BCA-17EACC680C99}"
EndProject
Global
	GlobalSection(SolutionConfigurationPlatforms) = preSolution
		Debug|Any CPU = Debug|Any CPU
		Release|Any CPU = Release|Any CPU
	EndGlobalSection
	GlobalSection(ProjectConfigurationPlatforms) = postSolution
		{13A6D262-8D8D-17A4-8D7B-50D07DEC0108}.Debug|Any CPU.ActiveCfg = Debug|Any CPU
		{13A6D262-8D8D-17A4-8D7B-50D07DEC0108}.Debug|Any CPU.Build.0 = Debug|Any CPU
		{13A6D262-8D8D-17A4-8D7B-50D07DEC0108}.Release|Any CPU.ActiveCfg = Release|Any CPU
		{13A6D262-8D8D-17A4-8D7B-50D07DEC0108}.Release|Any CPU.Build.0 = Release|Any CPU
		{8C767DBB-6A62-BA56-2BB4-80477D9DE0C0}.Debug|Any CPU.ActiveCfg = Debug|Any CPU
		{8C767DBB-6A62-BA56-2BB4-80477D9DE0C0}.Debug|Any CPU.Build.0 = Debug|Any CPU
		{8C767DBB-6A62-BA56-2BB4-80477D9DE0C0}.Release|Any CPU.ActiveCfg = Release|Any CPU
		{8C767DBB-6A62-BA56-2BB4-80477D9DE0C0}.Release|Any CPU.Build.0 = Release|Any CPU
		{0095E8BF-18FB-3D52-4BCA-17EACC680C99}.Debug|Any CPU.ActiveCfg = Debug|Any CPU
		{0095E8BF-18FB-3D52-4BCA-17EACC680C99}.Debug|Any CPU.Build.0 = Debug|Any CPU
		{0095E8BF-18FB-3D52-4BCA-17EACC680C99}.Release|Any CPU.ActiveCfg = Release|Any CPU
		{0095E8BF-18FB-3D52-4BCA-17EACC680C99}.Release|Any CPU.Build.0 = Release|Any CPU
	EndGlobalSection
	GlobalSection(SolutionProperties) = preSolution
		HideSolutionNode = FALSE
	EndGlobalSection
EndGlobal
